
Microsoft Visual Studio Solution File, Format Version 12.00
# Visual Studio Version 16
VisualStudioVersion = 16.0.31402.337
MinimumVisualStudioVersion = 10.0.40219.1
Project("{8BC9CEB8-8B4A-11D0-8D11-00A0C91BC942}") = "TestGame", "TestGame\TestGame.vcxproj", "{E7967929-AE6C-47BD-A25B-186DB2A050C9}"
EndProject
Project("{8BC9CEB8-8B4A-11D0-8D11-00A0C91BC942}") = "Hunter", "Hunter\Hunter.vcxproj", "{8A1A2374-8A6A-42B0-8142-196328CFD1FB}"
EndProject
Project("{8BC9CEB8-8B4A-11D0-8D11-00A0C91BC942}") = "glfw", "glfw\build\src\glfw.vcxproj", "{74922A40-3202-334D-9881-0F56AC8EB5AA}"
EndProject
Project("{8BC9CEB8-8B4A-11D0-8D11-00A0C91BC942}") = "glad_openGL", "glad_openGL\glad_openGL.vcxproj", "{60340DA7-9F8C-491C-9427-07FE0ABFE9AA}"
EndProject
Project("{8BC9CEB8-8B4A-11D0-8D11-00A0C91BC942}") = "stb_image", "stb_image\stb_image.vcxproj", "{68379CC2-86E4-40FB-B4B9-80AABF914C83}"
EndProject
Global
	GlobalSection(SolutionConfigurationPlatforms) = preSolution
		Debug|x64 = Debug|x64
		MinSizeRel|x64 = MinSizeRel|x64
		Release|x64 = Release|x64
		RelWithDebInfo|x64 = RelWithDebInfo|x64
	EndGlobalSection
	GlobalSection(ProjectConfigurationPlatforms) = postSolution
		{E7967929-AE6C-47BD-A25B-186DB2A050C9}.Debug|x64.ActiveCfg = Debug|x64
		{E7967929-AE6C-47BD-A25B-186DB2A050C9}.Debug|x64.Build.0 = Debug|x64
		{E7967929-AE6C-47BD-A25B-186DB2A050C9}.MinSizeRel|x64.ActiveCfg = Release|x64
		{E7967929-AE6C-47BD-A25B-186DB2A050C9}.MinSizeRel|x64.Build.0 = Release|x64
		{E7967929-AE6C-47BD-A25B-186DB2A050C9}.Release|x64.ActiveCfg = Release|x64
		{E7967929-AE6C-47BD-A25B-186DB2A050C9}.Release|x64.Build.0 = Release|x64
		{E7967929-AE6C-47BD-A25B-186DB2A050C9}.RelWithDebInfo|x64.ActiveCfg = Release|x64
		{E7967929-AE6C-47BD-A25B-186DB2A050C9}.RelWithDebInfo|x64.Build.0 = Release|x64
		{8A1A2374-8A6A-42B0-8142-196328CFD1FB}.Debug|x64.ActiveCfg = Debug|x64
		{8A1A2374-8A6A-42B0-8142-196328CFD1FB}.Debug|x64.Build.0 = Debug|x64
		{8A1A2374-8A6A-42B0-8142-196328CFD1FB}.MinSizeRel|x64.ActiveCfg = Release|x64
		{8A1A2374-8A6A-42B0-8142-196328CFD1FB}.MinSizeRel|x64.Build.0 = Release|x64
		{8A1A2374-8A6A-42B0-8142-196328CFD1FB}.Release|x64.ActiveCfg = Release|x64
		{8A1A2374-8A6A-42B0-8142-196328CFD1FB}.Release|x64.Build.0 = Release|x64
		{8A1A2374-8A6A-42B0-8142-196328CFD1FB}.RelWithDebInfo|x64.ActiveCfg = Release|x64
		{8A1A2374-8A6A-42B0-8142-196328CFD1FB}.RelWithDebInfo|x64.Build.0 = Release|x64
		{74922A40-3202-334D-9881-0F56AC8EB5AA}.Debug|x64.ActiveCfg = Debug|x64
		{74922A40-3202-334D-9881-0F56AC8EB5AA}.Debug|x64.Build.0 = Debug|x64
		{74922A40-3202-334D-9881-0F56AC8EB5AA}.MinSizeRel|x64.ActiveCfg = MinSizeRel|x64
		{74922A40-3202-334D-9881-0F56AC8EB5AA}.MinSizeRel|x64.Build.0 = MinSizeRel|x64
		{74922A40-3202-334D-9881-0F56AC8EB5AA}.Release|x64.ActiveCfg = Release|x64
		{74922A40-3202-334D-9881-0F56AC8EB5AA}.Release|x64.Build.0 = Release|x64
		{74922A40-3202-334D-9881-0F56AC8EB5AA}.RelWithDebInfo|x64.ActiveCfg = RelWithDebInfo|x64
		{74922A40-3202-334D-9881-0F56AC8EB5AA}.RelWithDebInfo|x64.Build.0 = RelWithDebInfo|x64
		{60340DA7-9F8C-491C-9427-07FE0ABFE9AA}.Debug|x64.ActiveCfg = Debug|x64
		{60340DA7-9F8C-491C-9427-07FE0ABFE9AA}.Debug|x64.Build.0 = Debug|x64
		{60340DA7-9F8C-491C-9427-07FE0ABFE9AA}.MinSizeRel|x64.ActiveCfg = Debug|x64
		{60340DA7-9F8C-491C-9427-07FE0ABFE9AA}.MinSizeRel|x64.Build.0 = Debug|x64
		{60340DA7-9F8C-491C-9427-07FE0ABFE9AA}.Release|x64.ActiveCfg = Release|x64
		{60340DA7-9F8C-491C-9427-07FE0ABFE9AA}.Release|x64.Build.0 = Release|x64
		{60340DA7-9F8C-491C-9427-07FE0ABFE9AA}.RelWithDebInfo|x64.ActiveCfg = Release|x64
		{60340DA7-9F8C-491C-9427-07FE0ABFE9AA}.RelWithDebInfo|x64.Build.0 = Release|x64
		{68379CC2-86E4-40FB-B4B9-80AABF914C83}.Debug|x64.ActiveCfg = Debug|x64
		{68379CC2-86E4-40FB-B4B9-80AABF914C83}.Debug|x64.Build.0 = Debug|x64
		{68379CC2-86E4-40FB-B4B9-80AABF914C83}.MinSizeRel|x64.ActiveCfg = Debug|x64
		{68379CC2-86E4-40FB-B4B9-80AABF914C83}.MinSizeRel|x64.Build.0 = Debug|x64
		{68379CC2-86E4-40FB-B4B9-80AABF914C83}.Release|x64.ActiveCfg = Release|x64
		{68379CC2-86E4-40FB-B4B9-80AABF914C83}.Release|x64.Build.0 = Release|x64
		{68379CC2-86E4-40FB-B4B9-80AABF914C83}.RelWithDebInfo|x64.ActiveCfg = Release|x64
		{68379CC2-86E4-40FB-B4B9-80AABF914C83}.RelWithDebInfo|x64.Build.0 = Release|x64
	EndGlobalSection
	GlobalSection(SolutionProperties) = preSolution
		HideSolutionNode = FALSE
	EndGlobalSection
	GlobalSection(ExtensibilityGlobals) = postSolution
		SolutionGuid = {3E5055EA-D11A-4206-BC71-BB2E332AABA9}
	EndGlobalSection
EndGlobal
